{
  "name": "async-logger",
  "version": "2.0.1",
  "lockfileVersion": 1,
  "requires": true,
  "dependencies": {
    "@types/cls-hooked": {
      "version": "4.3.0",
      "resolved": "https://npm.yc345.tv/@types%2fcls-hooked/-/cls-hooked-4.3.0.tgz",
      "integrity": "sha1-KQ+hSUa4ixHmXWjkh+2nik1akn4=",
      "dev": true,
      "requires": {
        "@types/node": "*"
      }
    },
    "@types/mkdirp": {
      "version": "0.5.2",
      "resolved": "https://npm.yc345.tv/@types%2fmkdirp/-/mkdirp-0.5.2.tgz",
      "integrity": "sha1-UDqs/lzCcD1UhDJrGyfvpnoznB8=",
      "dev": true,
      "requires": {
        "@types/node": "*"
      }
    },
    "@types/node": {
      "version": "12.12.12",
      "resolved": "https://npm.yc345.tv/@types%2fnode/-/node-12.12.12.tgz",
      "integrity": "sha1-UpvD5z27Nd2ekLChyDYGqdMmS9s=",
      "dev": true
    },
    "@types/shortid": {
      "version": "0.0.29",
      "resolved": "https://npm.yc345.tv/@types%2fshortid/-/shortid-0.0.29.tgz",
      "integrity": "sha1-gJPuBBam4r8qpjOBCRFLP7/6Dps=",
      "dev": true
    },
    "accepts": {
      "version": "1.3.7",
      "resolved": "https://npm.yc345.tv/accepts/-/accepts-1.3.7.tgz",
      "integrity": "sha1-UxvHJlF6OytB+FACHGzBXqq1B80=",
      "dev": true,
      "requires": {
        "mime-types": "~2.1.24",
        "negotiator": "0.6.2"
      }
    },
    "any-promise": {
      "version": "1.3.0",
      "resolved": "https://npm.yc345.tv/any-promise/-/any-promise-1.3.0.tgz",
      "integrity": "sha1-q8av7tzqUugJzcA3au0845Y10X8=",
      "dev": true
    },
    "array-flatten": {
      "version": "1.1.1",
      "resolved": "https://npm.yc345.tv/array-flatten/-/array-flatten-1.1.1.tgz",
      "integrity": "sha1-ml9pkFGx5wczKPKgCJaLZOopVdI=",
      "dev": true
    },
    "async": {
      "version": "2.6.3",
      "resolved": "https://npm.yc345.tv/async/-/async-2.6.3.tgz",
      "integrity": "sha512-zflvls11DCy+dQWzTW2dzuilv8Z5X/pjfmZOWba6TNIVDm+2UDaJmXSOXlasHKfNBs8oo3M0aT50fDEWfKZjXg==",
      "requires": {
        "lodash": "^4.17.14"
      }
    },
    "async-hook-jl": {
      "version": "1.7.6",
      "resolved": "https://npm.yc345.tv/async-hook-jl/-/async-hook-jl-1.7.6.tgz",
      "integrity": "sha1-T9JcL4ZNuvJ5xhDXO/l7GyhZXmg=",
      "requires": {
        "stack-chain": "^1.3.7"
      }
    },
    "body-parser": {
      "version": "1.19.0",
      "resolved": "https://npm.yc345.tv/body-parser/-/body-parser-1.19.0.tgz",
      "integrity": "sha1-lrJwnlfJxOCab9Zqj9l5hE9p8Io=",
      "dev": true,
      "requires": {
        "bytes": "3.1.0",
        "content-type": "~1.0.4",
        "debug": "2.6.9",
        "depd": "~1.1.2",
        "http-errors": "1.7.2",
        "iconv-lite": "0.4.24",
        "on-finished": "~2.3.0",
        "qs": "6.7.0",
        "raw-body": "2.4.0",
        "type-is": "~1.6.17"
      }
    },
    "bufferpack": {
      "version": "0.0.6",
      "resolved": "https://npm.yc345.tv/bufferpack/-/bufferpack-0.0.6.tgz",
      "integrity": "sha1-+z2HOKDh5OA7z/mfmnX57Bip1z4="
    },
    "bytes": {
      "version": "3.1.0",
      "resolved": "https://npm.yc345.tv/bytes/-/bytes-3.1.0.tgz",
      "integrity": "sha1-9s95M6Ng4FiPqf3oVlHNx/gF0fY=",
      "dev": true
    },
    "cache-content-type": {
      "version": "1.0.1",
      "resolved": "https://npm.yc345.tv/cache-content-type/-/cache-content-type-1.0.1.tgz",
      "integrity": "sha1-A1zeKwjuISn0qDFeqPAKANuhRTw=",
      "dev": true,
      "requires": {
        "mime-types": "^2.1.18",
        "ylru": "^1.2.0"
      }
    },
    "cls-hooked": {
      "version": "4.2.2",
      "resolved": "https://npm.yc345.tv/cls-hooked/-/cls-hooked-4.2.2.tgz",
      "integrity": "sha1-rS6aQJJoDNr/6y01UdoOIl6uGQg=",
      "requires": {
        "async-hook-jl": "^1.7.6",
        "emitter-listener": "^1.0.1",
        "semver": "^5.4.1"
      }
    },
    "co": {
      "version": "4.6.0",
      "resolved": "https://npm.yc345.tv/co/-/co-4.6.0.tgz",
      "integrity": "sha1-bqa989hTrlTMuOR7+gvz+QMfsYQ=",
      "dev": true
    },
    "color": {
      "version": "3.0.0",
      "resolved": "https://npm.yc345.tv/color/-/color-3.0.0.tgz",
      "integrity": "sha1-2SC0Mo1TSjrIKV1o971LpsQnvpo=",
      "requires": {
        "color-convert": "^1.9.1",
        "color-string": "^1.5.2"
      }
    },
    "color-convert": {
      "version": "1.9.3",
      "resolved": "https://npm.yc345.tv/color-convert/-/color-convert-1.9.3.tgz",
      "integrity": "sha512-QfAUtd+vFdAtFQcC8CCyYt1fYWxSqAiK2cSD6zDB8N3cpsEBAvRxp9zOGg6G/SHHJYAT88/az/IuDGALsNVbGg==",
      "requires": {
        "color-name": "1.1.3"
      }
    },
    "color-name": {
      "version": "1.1.3",
      "resolved": "https://npm.yc345.tv/color-name/-/color-name-1.1.3.tgz",
      "integrity": "sha1-p9BVi9icQveV3UIyj3QIMcpTvCU="
    },
    "color-string": {
      "version": "1.5.3",
      "resolved": "https://npm.yc345.tv/color-string/-/color-string-1.5.3.tgz",
      "integrity": "sha1-ybvF8BtYtUkvPWhXRZy2WQziBMw=",
      "requires": {
        "color-name": "^1.0.0",
        "simple-swizzle": "^0.2.2"
      }
    },
    "colornames": {
      "version": "1.1.1",
      "resolved": "https://npm.yc345.tv/colornames/-/colornames-1.1.1.tgz",
      "integrity": "sha1-+IiQMGhcfE/54qVZ9Qd+t2qBb5Y="
    },
    "colors": {
      "version": "1.4.0",
      "resolved": "https://npm.yc345.tv/colors/-/colors-1.4.0.tgz",
      "integrity": "sha1-xQSRR51MG9rtLJztMs98fcI2D3g="
    },
    "colorspace": {
      "version": "1.1.2",
      "resolved": "https://npm.yc345.tv/colorspace/-/colorspace-1.1.2.tgz",
      "integrity": "sha1-4BKJUNCCuGohaFgHlqCqXWxo2MU=",
      "requires": {
        "color": "3.0.x",
        "text-hex": "1.0.x"
      }
    },
    "content-disposition": {
      "version": "0.5.3",
      "resolved": "https://npm.yc345.tv/content-disposition/-/content-disposition-0.5.3.tgz",
      "integrity": "sha1-4TDK9+cnkIfFYWwgB9BIVpiYT70=",
      "dev": true,
      "requires": {
        "safe-buffer": "5.1.2"
      },
      "dependencies": {
        "safe-buffer": {
          "version": "5.1.2",
          "resolved": "https://npm.yc345.tv/safe-buffer/-/safe-buffer-5.1.2.tgz",
          "integrity": "sha1-mR7GnSluAxN0fVm9/St0XDX4go0=",
          "dev": true
        }
      }
    },
    "content-type": {
      "version": "1.0.4",
      "resolved": "https://npm.yc345.tv/content-type/-/content-type-1.0.4.tgz",
      "integrity": "sha1-4TjMdeBAxyexlm/l5fjJruJW/js=",
      "dev": true
    },
    "cookie": {
      "version": "0.4.0",
      "resolved": "https://npm.yc345.tv/cookie/-/cookie-0.4.0.tgz",
      "integrity": "sha1-vrQ35wIrO21JAZ0IhmUwPr6cFLo=",
      "dev": true
    },
    "cookie-signature": {
      "version": "1.0.6",
      "resolved": "https://npm.yc345.tv/cookie-signature/-/cookie-signature-1.0.6.tgz",
      "integrity": "sha1-4wOogrNCzD7oylE6eZmXNNqzriw=",
      "dev": true
    },
    "cookies": {
      "version": "0.8.0",
      "resolved": "https://npm.yc345.tv/cookies/-/cookies-0.8.0.tgz",
      "integrity": "sha1-EpPOSzkXQKhAbjyYcOgoxLVPP5A=",
      "dev": true,
      "requires": {
        "depd": "~2.0.0",
        "keygrip": "~1.1.0"
      },
      "dependencies": {
        "depd": {
          "version": "2.0.0",
          "resolved": "https://npm.yc345.tv/depd/-/depd-2.0.0.tgz",
          "integrity": "sha1-tpYWPMdXVg0JzyLMj60Vcbeedt8=",
          "dev": true
        }
      }
    },
    "core-util-is": {
      "version": "1.0.2",
      "resolved": "https://npm.yc345.tv/core-util-is/-/core-util-is-1.0.2.tgz",
      "integrity": "sha1-tf1UIgqivFq1eqtxQMlAdUUDwac="
    },
    "cycle": {
      "version": "1.0.3",
      "resolved": "https://npm.yc345.tv/cycle/-/cycle-1.0.3.tgz",
      "integrity": "sha1-IegLK+hYD5i0aPN5QwZisEbDStI="
    },
    "debug": {
      "version": "2.6.9",
      "resolved": "https://npm.yc345.tv/debug/-/debug-2.6.9.tgz",
      "integrity": "sha512-bC7ElrdJaJnPbAP+1EotYvqZsb3ecl5wi6Bfi6BJTUcNowp6cvspg0jXznRTKDjm/E7AdgFBVeAPVMNcKGsHMA==",
      "dev": true,
      "requires": {
        "ms": "2.0.0"
      },
      "dependencies": {
        "ms": {
          "version": "2.0.0",
          "resolved": "https://npm.yc345.tv/ms/-/ms-2.0.0.tgz",
          "integrity": "sha1-VgiurfwAvmwpAd9fmGF4jeDVl8g=",
          "dev": true
        }
      }
    },
    "deep-equal": {
      "version": "1.0.1",
      "resolved": "https://npm.yc345.tv/deep-equal/-/deep-equal-1.0.1.tgz",
      "integrity": "sha1-9dJgKStmDghO/0zbyfCK0yR0SLU=",
      "dev": true
    },
    "delegates": {
      "version": "1.0.0",
      "resolved": "https://npm.yc345.tv/delegates/-/delegates-1.0.0.tgz",
      "integrity": "sha1-hMbhWbgZBP3KWaDvRM2HDTElD5o=",
      "dev": true
    },
    "depd": {
      "version": "1.1.2",
      "resolved": "https://npm.yc345.tv/depd/-/depd-1.1.2.tgz",
      "integrity": "sha1-m81S4UwJd2PnSbJ0xDRu0uVgtak=",
      "dev": true
    },
    "destroy": {
      "version": "1.0.4",
      "resolved": "https://npm.yc345.tv/destroy/-/destroy-1.0.4.tgz",
      "integrity": "sha1-l4hXRCxEdJ5CBmE+N5RiBYJqvYA=",
      "dev": true
    },
    "diagnostics": {
      "version": "1.1.1",
      "resolved": "https://npm.yc345.tv/diagnostics/-/diagnostics-1.1.1.tgz",
      "integrity": "sha1-yrasM99wydmnJ0kK5DrJladpsio=",
      "requires": {
        "colorspace": "1.1.x",
        "enabled": "1.0.x",
        "kuler": "1.0.x"
      }
    },
    "ee-first": {
      "version": "1.1.1",
      "resolved": "https://npm.yc345.tv/ee-first/-/ee-first-1.1.1.tgz",
      "integrity": "sha1-WQxhFWsK4vTwJVcyoViyZrxWsh0=",
      "dev": true
    },
    "emitter-listener": {
      "version": "1.1.2",
      "resolved": "https://npm.yc345.tv/emitter-listener/-/emitter-listener-1.1.2.tgz",
      "integrity": "sha1-VrFA6PaZI3Wz18ssqxzHQy2WMug=",
      "requires": {
        "shimmer": "^1.2.0"
      }
    },
    "enabled": {
      "version": "1.0.2",
      "resolved": "https://npm.yc345.tv/enabled/-/enabled-1.0.2.tgz",
      "integrity": "sha1-ll9lE9LC0cX0ZStkouM5ZGf8L5M=",
      "requires": {
        "env-variable": "0.0.x"
      }
    },
    "encodeurl": {
      "version": "1.0.2",
      "resolved": "https://npm.yc345.tv/encodeurl/-/encodeurl-1.0.2.tgz",
      "integrity": "sha1-rT/0yG7C0CkyL1oCw6mmBslbP1k=",
      "dev": true
    },
    "env-variable": {
      "version": "0.0.5",
      "resolved": "https://npm.yc345.tv/env-variable/-/env-variable-0.0.5.tgz",
      "integrity": "sha1-kT3YML7xHpagOcA41BMGBOujf4g="
    },
    "error-callsites": {
      "version": "1.0.1",
      "resolved": "https://npm.yc345.tv/error-callsites/-/error-callsites-1.0.1.tgz",
      "integrity": "sha1-QoYWmt+PwSSC9VYRFyTFrthzppI="
    },
    "error-inject": {
      "version": "1.0.0",
      "resolved": "https://npm.yc345.tv/error-inject/-/error-inject-1.0.0.tgz",
      "integrity": "sha1-4rPZG1Su1nLzCdlQ0VSFD6EdTzc=",
      "dev": true
    },
    "escape-html": {
      "version": "1.0.3",
      "resolved": "https://npm.yc345.tv/escape-html/-/escape-html-1.0.3.tgz",
      "integrity": "sha1-Aljq5NPQwJdN4cFpGI7wBR0dGYg=",
      "dev": true
    },
    "etag": {
      "version": "1.8.1",
      "resolved": "https://npm.yc345.tv/etag/-/etag-1.8.1.tgz",
      "integrity": "sha1-Qa4u62XvpiJorr/qg6x9eSmbCIc=",
      "dev": true
    },
    "express": {
      "version": "4.17.1",
      "resolved": "https://npm.yc345.tv/express/-/express-4.17.1.tgz",
      "integrity": "sha1-RJH8OGBc9R+GKdOcK10Cb5ikwTQ=",
      "dev": true,
      "requires": {
        "accepts": "~1.3.7",
        "array-flatten": "1.1.1",
        "body-parser": "1.19.0",
        "content-disposition": "0.5.3",
        "content-type": "~1.0.4",
        "cookie": "0.4.0",
        "cookie-signature": "1.0.6",
        "debug": "2.6.9",
        "depd": "~1.1.2",
        "encodeurl": "~1.0.2",
        "escape-html": "~1.0.3",
        "etag": "~1.8.1",
        "finalhandler": "~1.1.2",
        "fresh": "0.5.2",
        "merge-descriptors": "1.0.1",
        "methods": "~1.1.2",
        "on-finished": "~2.3.0",
        "parseurl": "~1.3.3",
        "path-to-regexp": "0.1.7",
        "proxy-addr": "~2.0.5",
        "qs": "6.7.0",
        "range-parser": "~1.2.1",
        "safe-buffer": "5.1.2",
        "send": "0.17.1",
        "serve-static": "1.14.1",
        "setprototypeof": "1.1.1",
        "statuses": "~1.5.0",
        "type-is": "~1.6.18",
        "utils-merge": "1.0.1",
        "vary": "~1.1.2"
      },
      "dependencies": {
        "safe-buffer": {
          "version": "5.1.2",
          "resolved": "https://npm.yc345.tv/safe-buffer/-/safe-buffer-5.1.2.tgz",
          "integrity": "sha1-mR7GnSluAxN0fVm9/St0XDX4go0=",
          "dev": true
        }
      }
    },
    "fast-safe-stringify": {
      "version": "2.0.7",
      "resolved": "https://npm.yc345.tv/fast-safe-stringify/-/fast-safe-stringify-2.0.7.tgz",
      "integrity": "sha1-EkqohYmSYfaK7bQqfAgN6dpgh0M="
    },
    "fecha": {
      "version": "2.3.3",
      "resolved": "https://npm.yc345.tv/fecha/-/fecha-2.3.3.tgz",
      "integrity": "sha1-lI50FX3xoy/RsSw6PDzctuydls0="
    },
    "file-stream-rotator": {
      "version": "0.4.1",
      "resolved": "https://npm.yc345.tv/file-stream-rotator/-/file-stream-rotator-0.4.1.tgz",
      "integrity": "sha1-CfZ7htbqWJ0gt4UsUcWd5V2RbW0=",
      "requires": {
        "moment": "^2.11.2"
      }
    },
    "finalhandler": {
      "version": "1.1.2",
      "resolved": "https://npm.yc345.tv/finalhandler/-/finalhandler-1.1.2.tgz",
      "integrity": "sha1-t+fQAP/RGTjQ/bBTUG9uur6fWH0=",
      "dev": true,
      "requires": {
        "debug": "2.6.9",
        "encodeurl": "~1.0.2",
        "escape-html": "~1.0.3",
        "on-finished": "~2.3.0",
        "parseurl": "~1.3.3",
        "statuses": "~1.5.0",
        "unpipe": "~1.0.0"
      }
    },
    "forwarded": {
      "version": "0.1.2",
      "resolved": "https://npm.yc345.tv/forwarded/-/forwarded-0.1.2.tgz",
      "integrity": "sha1-mMI9qxF1ZXuMBXPozszZGw/xjIQ=",
      "dev": true
    },
    "fresh": {
      "version": "0.5.2",
      "resolved": "https://npm.yc345.tv/fresh/-/fresh-0.5.2.tgz",
      "integrity": "sha1-PYyt2Q2XZWn6g1qx+OSyOhBWBac=",
      "dev": true
    },
    "http-assert": {
      "version": "1.4.1",
      "resolved": "https://npm.yc345.tv/http-assert/-/http-assert-1.4.1.tgz",
      "integrity": "sha1-xfcl1neqfoc+9zYZm4lobM6zeHg=",
      "dev": true,
      "requires": {
        "deep-equal": "~1.0.1",
        "http-errors": "~1.7.2"
      }
    },
    "http-errors": {
      "version": "1.7.2",
      "resolved": "https://npm.yc345.tv/http-errors/-/http-errors-1.7.2.tgz",
      "integrity": "sha1-T1ApzxMjnzEDblsuVSkrz7zIXI8=",
      "dev": true,
      "requires": {
        "depd": "~1.1.2",
        "inherits": "2.0.3",
        "setprototypeof": "1.1.1",
        "statuses": ">= 1.5.0 < 2",
        "toidentifier": "1.0.0"
      },
      "dependencies": {
        "inherits": {
          "version": "2.0.3",
          "resolved": "https://npm.yc345.tv/inherits/-/inherits-2.0.3.tgz",
          "integrity": "sha1-Yzwsg+PaQqUC9SRmAiSA9CCCYd4=",
          "dev": true
        }
      }
    },
    "iconv-lite": {
      "version": "0.4.24",
      "resolved": "https://npm.yc345.tv/iconv-lite/-/iconv-lite-0.4.24.tgz",
      "integrity": "sha1-ICK0sl+93CHS9SSXSkdKr+czkIs=",
      "dev": true,
      "requires": {
        "safer-buffer": ">= 2.1.2 < 3"
      }
    },
    "inherits": {
      "version": "2.0.4",
      "resolved": "https://npm.yc345.tv/inherits/-/inherits-2.0.4.tgz",
      "integrity": "sha1-D6LGT5MpF8NDOg3tVTY6rjdBa3w="
    },
    "ipaddr.js": {
      "version": "1.9.0",
      "resolved": "https://npm.yc345.tv/ipaddr.js/-/ipaddr.js-1.9.0.tgz",
      "integrity": "sha1-N9905DCg5HVQ/lSi3v4w2KzZX2U=",
      "dev": true
    },
    "is-arrayish": {
      "version": "0.3.2",
      "resolved": "https://npm.yc345.tv/is-arrayish/-/is-arrayish-0.3.2.tgz",
      "integrity": "sha1-RXSirlb3qyBolvtDHq7tBm/fjwM="
    },
    "is-generator-function": {
      "version": "1.0.7",
      "resolved": "https://npm.yc345.tv/is-generator-function/-/is-generator-function-1.0.7.tgz",
      "integrity": "sha1-0hMuUpuwAAp/gHlNS99c1eWBNSI=",
      "dev": true
    },
    "is-stream": {
      "version": "1.1.0",
      "resolved": "https://npm.yc345.tv/is-stream/-/is-stream-1.1.0.tgz",
      "integrity": "sha1-EtSj3U5o4Lec6428hBc66A2RykQ="
    },
    "isarray": {
      "version": "1.0.0",
      "resolved": "https://npm.yc345.tv/isarray/-/isarray-1.0.0.tgz",
      "integrity": "sha1-u5NdSFgsuhaMBoNJV6VKPgcSTxE="
    },
    "keygrip": {
      "version": "1.1.0",
      "resolved": "https://npm.yc345.tv/keygrip/-/keygrip-1.1.0.tgz",
      "integrity": "sha1-hxsWgdXhWcYqRFsMdLYV4JF+ciY=",
      "dev": true,
      "requires": {
        "tsscmp": "1.0.6"
      }
    },
    "koa": {
      "version": "2.11.0",
      "resolved": "https://npm.yc345.tv/koa/-/koa-2.11.0.tgz",
      "integrity": "sha1-/lpRxG9WbSdjLdXcj9XX3UT5NaQ=",
      "dev": true,
      "requires": {
        "accepts": "^1.3.5",
        "cache-content-type": "^1.0.0",
        "content-disposition": "~0.5.2",
        "content-type": "^1.0.4",
        "cookies": "~0.8.0",
        "debug": "~3.1.0",
        "delegates": "^1.0.0",
        "depd": "^1.1.2",
        "destroy": "^1.0.4",
        "encodeurl": "^1.0.2",
        "error-inject": "^1.0.0",
        "escape-html": "^1.0.3",
        "fresh": "~0.5.2",
        "http-assert": "^1.3.0",
        "http-errors": "^1.6.3",
        "is-generator-function": "^1.0.7",
        "koa-compose": "^4.1.0",
        "koa-convert": "^1.2.0",
        "on-finished": "^2.3.0",
        "only": "~0.0.2",
        "parseurl": "^1.3.2",
        "statuses": "^1.5.0",
        "type-is": "^1.6.16",
        "vary": "^1.1.2"
      },
      "dependencies": {
        "debug": {
          "version": "3.1.0",
          "resolved": "https://npm.yc345.tv/debug/-/debug-3.1.0.tgz",
          "integrity": "sha512-OX8XqP7/1a9cqkxYw2yXss15f26NKWBpDXQd0/uK/KPqdQhxbPa994hnzjcE2VqQpDslf55723cKPUOGSmMY3g==",
          "dev": true,
          "requires": {
            "ms": "2.0.0"
          }
        },
        "ms": {
          "version": "2.0.0",
          "resolved": "https://npm.yc345.tv/ms/-/ms-2.0.0.tgz",
          "integrity": "sha1-VgiurfwAvmwpAd9fmGF4jeDVl8g=",
          "dev": true
        }
      }
    },
    "koa-compose": {
      "version": "4.1.0",
      "resolved": "https://npm.yc345.tv/koa-compose/-/koa-compose-4.1.0.tgz",
      "integrity": "sha1-UHMGuTcZAdtBEhyBLpI9DWfT6Hc=",
      "dev": true
    },
    "koa-convert": {
      "version": "1.2.0",
      "resolved": "https://npm.yc345.tv/koa-convert/-/koa-convert-1.2.0.tgz",
      "integrity": "sha1-2kCHXfSd4FOQmNFwC1CCDOvNIdA=",
      "dev": true,
      "requires": {
        "co": "^4.6.0",
        "koa-compose": "^3.0.0"
      },
      "dependencies": {
        "koa-compose": {
          "version": "3.2.1",
          "resolved": "https://npm.yc345.tv/koa-compose/-/koa-compose-3.2.1.tgz",
          "integrity": "sha1-qFzLQLfZhtjlo0Wzoazo6rz1Tec=",
          "dev": true,
          "requires": {
            "any-promise": "^1.1.0"
          }
        }
      }
    },
    "kuler": {
      "version": "1.0.1",
      "resolved": "https://npm.yc345.tv/kuler/-/kuler-1.0.1.tgz",
      "integrity": "sha1-73x4TzbJ+24W3TFQ0VJneysCKKY=",
      "requires": {
        "colornames": "^1.1.1"
      }
    },
    "lodash": {
      "version": "4.17.15",
      "resolved": "https://npm.yc345.tv/lodash/-/lodash-4.17.15.tgz",
      "integrity": "sha512-8xOcRHvCjnocdS5cpwXQXVzmmh5e5+saE2QGoeQmbKmRS6J3VQppPOIt0MnmE+4xlZoumy0GPG0D0MVIQbNA1A=="
    },
    "logform": {
      "version": "2.1.2",
      "resolved": "https://npm.yc345.tv/logform/-/logform-2.1.2.tgz",
      "integrity": "sha1-lXFV6+tnoTFkBpglzmfdtbst02A=",
      "requires": {
        "colors": "^1.2.1",
        "fast-safe-stringify": "^2.0.4",
        "fecha": "^2.3.3",
        "ms": "^2.1.1",
        "triple-beam": "^1.3.0"
      }
    },
    "long": {
      "version": "3.2.0",
      "resolved": "https://npm.yc345.tv/long/-/long-3.2.0.tgz",
      "integrity": "sha1-2CG3E4yhy1gcFymQ7xTbIAtcR0s="
    },
    "media-typer": {
      "version": "0.3.0",
      "resolved": "https://npm.yc345.tv/media-typer/-/media-typer-0.3.0.tgz",
      "integrity": "sha1-hxDXrwqmJvj/+hzgAWhUUmMlV0g=",
      "dev": true
    },
    "merge-descriptors": {
      "version": "1.0.1",
      "resolved": "https://npm.yc345.tv/merge-descriptors/-/merge-descriptors-1.0.1.tgz",
      "integrity": "sha1-sAqqVW3YtEVoFQ7J0blT8/kMu2E=",
      "dev": true
    },
    "methods": {
      "version": "1.1.2",
      "resolved": "https://npm.yc345.tv/methods/-/methods-1.1.2.tgz",
      "integrity": "sha1-VSmk1nZUE07cxSZmVoNbD4Ua/O4=",
      "dev": true
    },
    "mime": {
      "version": "1.6.0",
      "resolved": "https://npm.yc345.tv/mime/-/mime-1.6.0.tgz",
      "integrity": "sha1-Ms2eXGRVO9WNGaVor0Uqz/BJgbE=",
      "dev": true
    },
    "mime-db": {
      "version": "1.42.0",
      "resolved": "https://npm.yc345.tv/mime-db/-/mime-db-1.42.0.tgz",
      "integrity": "sha1-PiUpB7THrbkGWXtLZWNics+ee6w=",
      "dev": true
    },
    "mime-types": {
      "version": "2.1.25",
      "resolved": "https://npm.yc345.tv/mime-types/-/mime-types-2.1.25.tgz",
      "integrity": "sha1-OXctRmIfk+KoCoVsU7hqYhVqZDc=",
      "dev": true,
      "requires": {
        "mime-db": "1.42.0"
      }
    },
    "minimist": {
      "version": "0.0.8",
      "resolved": "https://npm.yc345.tv/minimist/-/minimist-0.0.8.tgz",
      "integrity": "sha1-hX/Kv8M5fSYluCKCYuhqp6ARsF0="
    },
    "mkdirp": {
      "version": "0.5.1",
      "resolved": "https://npm.yc345.tv/mkdirp/-/mkdirp-0.5.1.tgz",
      "integrity": "sha1-MAV0OOrGz3+MR2fzhkjWaX11yQM=",
      "requires": {
        "minimist": "0.0.8"
      }
    },
    "moment": {
      "version": "2.29.2",
      "resolved": "https://registry.npmjs.org/moment/-/moment-2.29.2.tgz",
      "integrity": "sha512-UgzG4rvxYpN15jgCmVJwac49h9ly9NurikMWGPdVxm8GZD6XjkKPxDTjQQ43gtGgnV3X0cAyWDdP2Wexoquifg=="
    },
    "ms": {
      "version": "2.1.2",
      "resolved": "https://npm.yc345.tv/ms/-/ms-2.1.2.tgz",
      "integrity": "sha1-0J0fNXtEP0kzgqjrPM0YOHKuYAk="
    },
    "nanoid": {
      "version": "2.1.7",
      "resolved": "https://npm.yc345.tv/nanoid/-/nanoid-2.1.7.tgz",
      "integrity": "sha1-13Xj58ZHC7qq49qaZHqA4ijgq/c="
    },
    "negotiator": {
      "version": "0.6.2",
      "resolved": "https://npm.yc345.tv/negotiator/-/negotiator-0.6.2.tgz",
      "integrity": "sha1-/qz3zPUlp3rpY0Q2pkiD/+yjRvs=",
      "dev": true
    },
    "object-hash": {
      "version": "1.3.1",
      "resolved": "https://npm.yc345.tv/object-hash/-/object-hash-1.3.1.tgz",
      "integrity": "sha1-/eRSCYqVHLFF8Dm7fUVUSd3BJt8="
    },
    "on-finished": {
      "version": "2.3.0",
      "resolved": "https://npm.yc345.tv/on-finished/-/on-finished-2.3.0.tgz",
      "integrity": "sha1-IPEzZIGwg811M3mSoWlxqi2QaUc=",
      "dev": true,
      "requires": {
        "ee-first": "1.1.1"
      }
    },
    "one-time": {
      "version": "0.0.4",
      "resolved": "https://npm.yc345.tv/one-time/-/one-time-0.0.4.tgz",
      "integrity": "sha1-+M33eISCb+Tf+T46nMN7HkSAdC4="
    },
    "only": {
      "version": "0.0.2",
      "resolved": "https://npm.yc345.tv/only/-/only-0.0.2.tgz",
      "integrity": "sha1-Kv3oTQPlC5qO3EROMGEKcCle37Q=",
      "dev": true
    },
    "parseurl": {
      "version": "1.3.3",
      "resolved": "https://npm.yc345.tv/parseurl/-/parseurl-1.3.3.tgz",
      "integrity": "sha1-naGee+6NEt/wUT7Vt2lXeTvC6NQ=",
      "dev": true
    },
    "path-to-regexp": {
      "version": "0.1.7",
      "resolved": "https://npm.yc345.tv/path-to-regexp/-/path-to-regexp-0.1.7.tgz",
      "integrity": "sha1-32BBeABfUi8V60SQ5yR6G/qmf4w=",
      "dev": true
    },
    "process-nextick-args": {
      "version": "2.0.1",
      "resolved": "https://npm.yc345.tv/process-nextick-args/-/process-nextick-args-2.0.1.tgz",
      "integrity": "sha1-eCDZsWEgzFXKmud5JoCufbptf+I="
    },
    "proxy-addr": {
      "version": "2.0.5",
      "resolved": "https://npm.yc345.tv/proxy-addr/-/proxy-addr-2.0.5.tgz",
      "integrity": "sha1-NMvWSi2B9LH9IedvnwbIpFKZ7jQ=",
      "dev": true,
      "requires": {
        "forwarded": "~0.1.2",
        "ipaddr.js": "1.9.0"
      }
    },
    "qs": {
      "version": "6.7.0",
      "resolved": "https://npm.yc345.tv/qs/-/qs-6.7.0.tgz",
      "integrity": "sha1-QdwaAV49WB8WIXdr4xr7KHapsbw=",
      "dev": true
    },
    "range-parser": {
      "version": "1.2.1",
      "resolved": "https://npm.yc345.tv/range-parser/-/range-parser-1.2.1.tgz",
      "integrity": "sha1-PPNwI9GZ4cJNGlW4SADC8+ZGgDE=",
      "dev": true
    },
    "raw-body": {
      "version": "2.4.0",
      "resolved": "https://npm.yc345.tv/raw-body/-/raw-body-2.4.0.tgz",
      "integrity": "sha1-oc5vucm8NWylLoklarWQWeE9AzI=",
      "dev": true,
      "requires": {
        "bytes": "3.1.0",
        "http-errors": "1.7.2",
        "iconv-lite": "0.4.24",
        "unpipe": "1.0.0"
      }
    },
    "readable-stream": {
      "version": "3.4.0",
      "resolved": "https://npm.yc345.tv/readable-stream/-/readable-stream-3.4.0.tgz",
      "integrity": "sha1-pRwmdUZY4KPCHb9ZFjvUW6b0R/w=",
      "requires": {
        "inherits": "^2.0.3",
        "string_decoder": "^1.1.1",
        "util-deprecate": "^1.0.1"
      }
    },
    "safe-buffer": {
      "version": "5.2.0",
      "resolved": "https://npm.yc345.tv/safe-buffer/-/safe-buffer-5.2.0.tgz",
      "integrity": "sha1-t02uxJsRSPiMZLaNSbHoFcHy9Rk="
    },
    "safer-buffer": {
      "version": "2.1.2",
      "resolved": "https://npm.yc345.tv/safer-buffer/-/safer-buffer-2.1.2.tgz",
      "integrity": "sha1-RPoWGwGHuVSd2Eu5GAL5vYOFzWo=",
      "dev": true
    },
    "semver": {
      "version": "5.7.1",
      "resolved": "https://npm.yc345.tv/semver/-/semver-5.7.1.tgz",
      "integrity": "sha512-sauaDf/PZdVgrLTNYHRtpXa1iRiKcaebiKQ1BJdpQlWH2lCvexQdX55snPFyK7QzpudqbCI0qXFfOasHdyNDGQ=="
    },
    "send": {
      "version": "0.17.1",
      "resolved": "https://npm.yc345.tv/send/-/send-0.17.1.tgz",
      "integrity": "sha1-wdiwWfeQD3Rm3Uk4vcROEd2zdsg=",
      "dev": true,
      "requires": {
        "debug": "2.6.9",
        "depd": "~1.1.2",
        "destroy": "~1.0.4",
        "encodeurl": "~1.0.2",
        "escape-html": "~1.0.3",
        "etag": "~1.8.1",
        "fresh": "0.5.2",
        "http-errors": "~1.7.2",
        "mime": "1.6.0",
        "ms": "2.1.1",
        "on-finished": "~2.3.0",
        "range-parser": "~1.2.1",
        "statuses": "~1.5.0"
      },
      "dependencies": {
        "ms": {
          "version": "2.1.1",
          "resolved": "https://npm.yc345.tv/ms/-/ms-2.1.1.tgz",
          "integrity": "sha1-MKWGTrPrsKZvLr5tcnrwagnYbgo=",
          "dev": true
        }
      }
    },
    "serve-static": {
      "version": "1.14.1",
      "resolved": "https://npm.yc345.tv/serve-static/-/serve-static-1.14.1.tgz",
      "integrity": "sha1-Zm5jbcTwEPfvKZcKiKZ0MgiYsvk=",
      "dev": true,
      "requires": {
        "encodeurl": "~1.0.2",
        "escape-html": "~1.0.3",
        "parseurl": "~1.3.3",
        "send": "0.17.1"
      }
    },
    "setprototypeof": {
      "version": "1.1.1",
      "resolved": "https://npm.yc345.tv/setprototypeof/-/setprototypeof-1.1.1.tgz",
      "integrity": "sha1-fpWsskqpL1iF4KvvW6ExMw1K5oM=",
      "dev": true
    },
    "shimmer": {
      "version": "1.2.1",
      "resolved": "https://npm.yc345.tv/shimmer/-/shimmer-1.2.1.tgz",
      "integrity": "sha1-YQhZ994ye1h+/r9QH7QxF/mv8zc="
    },
    "shortid": {
      "version": "2.2.15",
      "resolved": "https://npm.yc345.tv/shortid/-/shortid-2.2.15.tgz",
      "integrity": "sha1-K5AuqpOmmxESA3PNQqHx/kQ3wSI=",
      "requires": {
        "nanoid": "^2.1.0"
      }
    },
    "simple-swizzle": {
      "version": "0.2.2",
      "resolved": "https://npm.yc345.tv/simple-swizzle/-/simple-swizzle-0.2.2.tgz",
      "integrity": "sha1-pNprY1/8zMoz9w0Xy5JZLeleVXo=",
      "requires": {
        "is-arrayish": "^0.3.1"
      }
    },
    "stack-chain": {
      "version": "1.3.7",
      "resolved": "https://npm.yc345.tv/stack-chain/-/stack-chain-1.3.7.tgz",
      "integrity": "sha1-0ZLJ/06moiyUxN1FkXHj8AzqEoU="
    },
    "stack-trace": {
      "version": "0.0.10",
      "resolved": "https://npm.yc345.tv/stack-trace/-/stack-trace-0.0.10.tgz",
      "integrity": "sha1-VHxws0fo0ytOEI6hoqFZ5f3eGcA="
    },
    "statuses": {
      "version": "1.5.0",
      "resolved": "https://npm.yc345.tv/statuses/-/statuses-1.5.0.tgz",
      "integrity": "sha1-Fhx9rBd2Wf2YEfQ3cfqZOBR4Yow=",
      "dev": true
    },
    "string_decoder": {
      "version": "1.3.0",
      "resolved": "https://npm.yc345.tv/string_decoder/-/string_decoder-1.3.0.tgz",
      "integrity": "sha1-QvEUWUpGzxqOMLCoT1bHjD7awh4=",
      "requires": {
        "safe-buffer": "~5.2.0"
      }
    },
    "text-hex": {
      "version": "1.0.0",
      "resolved": "https://npm.yc345.tv/text-hex/-/text-hex-1.0.0.tgz",
      "integrity": "sha1-adycGxdEbueakr9biEu0uRJ1BvU="
    },
    "toidentifier": {
      "version": "1.0.0",
      "resolved": "https://npm.yc345.tv/toidentifier/-/toidentifier-1.0.0.tgz",
      "integrity": "sha1-fhvjRw8ed5SLxD2Uo8j013UrpVM=",
      "dev": true
    },
    "triple-beam": {
      "version": "1.3.0",
      "resolved": "https://npm.yc345.tv/triple-beam/-/triple-beam-1.3.0.tgz",
      "integrity": "sha1-pZUhTHKY24M57u7gg+TRC9jLjdk="
    },
    "tsscmp": {
      "version": "1.0.6",
      "resolved": "https://npm.yc345.tv/tsscmp/-/tsscmp-1.0.6.tgz",
      "integrity": "sha1-hbmVg6w1iexL/vgltQAKqRHWBes=",
      "dev": true
    },
    "type-is": {
      "version": "1.6.18",
      "resolved": "https://npm.yc345.tv/type-is/-/type-is-1.6.18.tgz",
      "integrity": "sha1-TlUs0F3wlGfcvE73Od6J8s83wTE=",
      "dev": true,
      "requires": {
        "media-typer": "0.3.0",
        "mime-types": "~2.1.24"
      }
    },
    "unpipe": {
      "version": "1.0.0",
      "resolved": "https://npm.yc345.tv/unpipe/-/unpipe-1.0.0.tgz",
      "integrity": "sha1-sr9O6FFKrmFltIF4KdIbLvSZBOw=",
      "dev": true
    },
    "util-deprecate": {
      "version": "1.0.2",
      "resolved": "https://npm.yc345.tv/util-deprecate/-/util-deprecate-1.0.2.tgz",
      "integrity": "sha1-RQ1Nyfpw3nMnYvvS1KKJgUGaDM8="
    },
    "utils-merge": {
      "version": "1.0.1",
      "resolved": "https://npm.yc345.tv/utils-merge/-/utils-merge-1.0.1.tgz",
      "integrity": "sha1-n5VxD1CiZ5R7LMwSR0HBAoQn5xM=",
      "dev": true
    },
    "vary": {
      "version": "1.1.2",
      "resolved": "https://npm.yc345.tv/vary/-/vary-1.1.2.tgz",
      "integrity": "sha1-IpnwLG3tMNSllhsLn3RSShj2NPw=",
      "dev": true
    },
    "winston": {
      "version": "3.2.1",
      "resolved": "https://npm.yc345.tv/winston/-/winston-3.2.1.tgz",
      "integrity": "sha1-YwYTd5dsc1hAKL4kkKGEYFX3fwc=",
      "requires": {
        "async": "^2.6.1",
        "diagnostics": "^1.1.1",
        "is-stream": "^1.1.0",
        "logform": "^2.1.1",
        "one-time": "0.0.4",
        "readable-stream": "^3.1.1",
        "stack-trace": "0.0.x",
        "triple-beam": "^1.3.0",
        "winston-transport": "^4.3.0"
      }
    },
    "winston-compat": {
      "version": "0.1.4",
      "resolved": "https://npm.yc345.tv/winston-compat/-/winston-compat-0.1.4.tgz",
      "integrity": "sha1-WZtM6Af/5yhxPswl7eP2uJQltzk=",
      "requires": {
        "cycle": "~1.0.3",
        "logform": "^1.6.0",
        "triple-beam": "^1.2.0"
      },
      "dependencies": {
        "logform": {
          "version": "1.10.0",
          "resolved": "https://npm.yc345.tv/logform/-/logform-1.10.0.tgz",
          "integrity": "sha1-ydVZhxTJK1RuI/TngUfEDx4CAS4=",
          "requires": {
            "colors": "^1.2.1",
            "fast-safe-stringify": "^2.0.4",
            "fecha": "^2.3.3",
            "ms": "^2.1.1",
            "triple-beam": "^1.2.0"
          }
        }
      }
    },
    "winston-daily-rotate-file": {
      "version": "3.10.0",
      "resolved": "https://npm.yc345.tv/winston-daily-rotate-file/-/winston-daily-rotate-file-3.10.0.tgz",
      "integrity": "sha1-xJBH0if4Kh8ZHIKYdyqut7Z9WQY=",
      "requires": {
        "file-stream-rotator": "^0.4.1",
        "object-hash": "^1.3.0",
        "semver": "^6.2.0",
        "triple-beam": "^1.3.0",
        "winston-compat": "^0.1.4",
        "winston-transport": "^4.2.0"
      },
      "dependencies": {
        "semver": {
          "version": "6.3.0",
          "resolved": "https://npm.yc345.tv/semver/-/semver-6.3.0.tgz",
          "integrity": "sha512-b39TBaTSfV6yBrapU89p5fKekE2m/NwnDocOVruQFS1/veMgdzuPcnOM34M6CwxW8jH/lxEa5rBoDeUwu5HHTw=="
        }
      }
    },
    "winston-transport": {
      "version": "4.3.0",
      "resolved": "https://npm.yc345.tv/winston-transport/-/winston-transport-4.3.0.tgz",
      "integrity": "sha1-32jAwgJILESNm0cxPAcwTC18LGY=",
      "requires": {
        "readable-stream": "^2.3.6",
        "triple-beam": "^1.2.0"
      },
      "dependencies": {
        "readable-stream": {
          "version": "2.3.6",
          "resolved": "https://npm.yc345.tv/readable-stream/-/readable-stream-2.3.6.tgz",
          "integrity": "sha1-sRwn2IuP8fvgcGQ8+UsMea4bCq8=",
          "requires": {
            "core-util-is": "~1.0.0",
            "inherits": "~2.0.3",
            "isarray": "~1.0.0",
            "process-nextick-args": "~2.0.0",
            "safe-buffer": "~5.1.1",
            "string_decoder": "~1.1.1",
            "util-deprecate": "~1.0.1"
          }
        },
        "safe-buffer": {
          "version": "5.1.2",
          "resolved": "https://npm.yc345.tv/safe-buffer/-/safe-buffer-5.1.2.tgz",
          "integrity": "sha1-mR7GnSluAxN0fVm9/St0XDX4go0="
        },
        "string_decoder": {
          "version": "1.1.1",
          "resolved": "https://npm.yc345.tv/string_decoder/-/string_decoder-1.1.1.tgz",
          "integrity": "sha1-nPFhG6YmhdcDCunkujQUnDrwP8g=",
          "requires": {
            "safe-buffer": "~5.1.0"
          }
        }
      }
    },
    "ylru": {
      "version": "1.2.1",
      "resolved": "https://npm.yc345.tv/ylru/-/ylru-1.2.1.tgz",
      "integrity": "sha1-9Xa2M0FUeYnB3nuiiHYJI7J/6E8=",
      "dev": true
    }
  }
}
